d9f3b17ddbbe1bba48917c3a679807b01c39c4a1ce776efdbdfbb7a1680e86e4  lib/tagged.cyr
f8f46d0e84ed36263cc10baedcf3ae6c072fb991032a50b1532f45e70d75ace8  lib/toml.cyr
02a290ad2c1daf47256adaa73f7c3d5e25d8cc57891dea0e037750ae83f9dfa3  lib/net.cyr
e84c090fd0f8532700d967ca3190837780a52a42630f4c6a0a4567ad9a49ab6b  lib/cffi.cyr
d7a14f337a9e8c67ac95023cddf58614a21d8aacd2eb1736da798843ccf0deba  lib/syscalls_macos.cyr
9dda717127c86b2b8826a126a2bea79184e1dd205fcbde7ff5106dc796fa08cf  lib/simd.cyr
7cc3c5ae71fc57ab0d3b7d25333770f02ccd5b83d364b056aca235f8b69c1211  lib/bayan.cyr
90d01355e0fd6e0e621d38d418e9ac1095b1efcf7e94c9b5e7b78603727c2e1b  lib/mmap.cyr
66ab9954a773e439b1249e43dfcee490655eafe63e1cc045fe38982975007d2b  lib/math.cyr
90c3f21da4cf686e7f3d7038ed43ed9710cb7b1248c0792245e761c18f45451c  lib/dynlib.cyr
f7852e63d5d26359956b455f270a138a80ca4de1bc00ba4cd3fa56c346b9a139  lib/str.cyr
0a6cad0f87a633474e5684b14c5c458725a8b9fa97a90ee7f17c266bdcb87c0c  lib/fdlopen.cyr
1989de8615f151f007e6983170887cddfd1c654b3fd81c73b4c811b9ccf5ac7b  lib/base64.cyr
e340c799b24369d4d26a9ae6eaa6e2a91087d7aca2b00adf0114a5ae31b7c3bf  lib/alloc_agnos.cyr
3eca74db0d5a364ff004c015a7cfc3ab9aa769baec993cf65da94d0183497f81  lib/ganita.cyr
bcc046e90f4ca58b76df69d08cae5feec9d92f0398eaaad96686b2c27631fdfc  lib/grp.cyr
2e27edd05b56a7fc121c2de444f2df0432d8de5c2f0c1cb3402bf7df91aa8f73  lib/async.cyr
109d0aab3bb802e72fe6a81c72e87cfe7d883e59f0db37c37c43827a935a597e  lib/regression.cyr
994d110a5a2271c0e96b70697f2401d7f96f881d21b9924f7c90591081c56dfc  lib/ws_server.cyr
708e4b1b825122ef319a79fc3e4e941cebf31e53ff637128313bdae6b99e2d60  lib/pam.cyr
d3b5262a6f5c86dfd1976061c78b8101313fb00a93e8b049d4fb3701edbf15cc  lib/pwd.cyr
ef04e8a97cb8519ba99fc80aaf8c49e7475f15eb1d924b900e6222ee34c5058f  lib/alloc_macos.cyr
2eec2d5461743c7fe79cbae4ff3cc1c95e002c2e939b5cc01ca7b1f59e5cdd12  lib/hashmap_fast.cyr
c7b3bf5beebddc082d4fa643a7113deaf26d0fd80dd5cd70ba0e3c21671107d0  lib/fs_win.cyr
27c9752b70e797b43d30204e5077749526144495ba7021b1272067f3236d81f9  lib/args_agnos.cyr
d5877d16113051fb95dae31717efc679c94b17a34667805b56e52a345bc48f8f  lib/freelist.cyr
30abbdfd10790b852144e20dc9fdf1503336fb94940ec7a4ce37ec92dcfad746  lib/regex.cyr
dc500d517e0896751699302f6d6033b765378576f8e9ac144480262ab4214348  lib/security.cyr
a8ae4f1396d23bff31a4c22c53be396b4624dcd763f5a9de81d4933a07beae9e  lib/test.cyr
ac55a4ff22d49ccf6c44893be077e1c824825aed845d82c04767f4f87c29d6da  lib/sync_macos.cyr
8c6b8beddf06398fd6799a878fef7d8d6578fc61db2662a8fe0026dabc743177  lib/sakshi.cyr
096eabc580c807f3e378fbe56058780a28cdf95b9c70b44672bca0a71cf969f6  lib/ct.cyr
4ee0e3020c92b50d9bf865bc3e29f6becf8dbcd6b3c83ff2e7638d8d26db055d  lib/log.cyr
98d1536d5bb355549b7e7be257fb6a5620525f93b447a5a5759b04a0aa053191  lib/dxgi.cyr
3875ffd12d9e805e3a540990cfa82724bab991746ae328c1a40ebd1f23032ac3  lib/atomic.cyr
3cd95e522962c38ddf606cb2e7cb37bda552a24526a58a85fb22ae07b2596582  lib/agnosys.cyr
ff14f0d7999956754937f612c0aa60719c138f0967a81019cf99e08aae088087  lib/string.cyr
7b619c21305568511f23b1a5787e557a6634cc7e730aa58661eff821b157d197  lib/process.cyr
49269a9ac71c8806a8da0a3df7c161a854da68c2675ffe5ad23ea37336b61a87  lib/niyama.cyr
e95be4a865e19703d4f1325a20a21ce4c4fd1b4d7fbcc7c83a1058dd1192bbec  lib/alloc.cyr
f8253de327446bfb6a3ab473381a544de685da4ddc556b7d4a24b9d16ca0457a  lib/sigil.cyr
bda45f4682983474897dfcd0af88d4e3472d78f8f7a9b0cf725c2701f9d0c650  lib/sandhi.cyr
f0e603a8395bc0466b3d233af88093f0b4aad47bf64a9b26d330f5504c4f929a  lib/rosnet.cyr
639aa6feb170319f983df4b39b827f29b26391b55de241c25e711f3880bce0a0  lib/flags.cyr
330d37f0cff16d1418178ccc3e42d089e81b67a5125faa8c8e8c29763f62eb3e  lib/syscalls_x86_64_linux.cyr
6c37a7280fc36ca4bfc0e573e7c38386c4b36de3e84cfb3d6ca7d132253ea52c  lib/syscalls_x86_64_agnos.cyr
150bb9efad587ae139d8df81d62c7578c8ab20d3c6964004908929657b597c12  lib/fmt.cyr
35aacaa303fbea1c9363eb03fb9c53255b8ddc99ce416bea9ab754d9e1ed0d77  lib/tls.cyr
293aba79206fc1201a8998b64f51d00d8cb8ac3a5cb2f4ed96c1ca5a4b5aa2cd  lib/trait.cyr
e16c947cb7e871290e728d4becd1525eaf1c28c7fcfcc72b6a06d1b8a510aa5f  lib/yukti.cyr
c9e220ca9bcb929cbc682e9b7eed7086b3b5a90474d562b600e137fde85eb7f0  lib/assert.cyr
619f0bce74b6b1ec0acf8ce3ed6839fe0a7c043bf16af6bae4e06f5e492af874  lib/args.cyr
36dd405ec1cca1c5096c2ffb22da3abf7276010b7a0cb5dff52fd060c211d1d6  lib/patra.cyr
37aed95d32ad2c280c4af809abae66088176f47e55802a77e7f90a5ced95d394  lib/csv.cyr
2da010aac142d5f0399b5a7da30c72676ab9e5857969d557cfe4f7dec60423e7  lib/bigint.cyr
cebcd8f2f0d25ea808ae40ebf133ce1b053a445828749e190d5339dfa7aac758  lib/vani.cyr
af3dc72c3e2d0f94ea4d4a6bdeb60963cd36e7849b7ccf06299bf5c616de7100  lib/sync_windows.cyr
3adcf65b8d91239c4ea3eb82fe7fa3e2bafb6bce715bfdaedfa5aad3acd0a82c  lib/tls_native.cyr
f0fb1a525c590bd5aafdfb5e30dfbb1bce6ad14f3e30f4ce83e6d2ae5f4730f5  lib/linalg.cyr
ef04e8a97cb8519ba99fc80aaf8c49e7475f15eb1d924b900e6222ee34c5058f  lib/ws.cyr
032132cf5c2e3bb3c52c31a61ee919d72b7c8ee806c7b6f7d57dc7e79001f003  lib/u128.cyr
724cb440922e89ff60c76eba23670eeee53b9d1f3ffdde31ebe2e2f9badda9ed  lib/slice.cyr
9fd6444e8cfcf7950837e955473adc5bab6d7bf4fa2c15f8ce2578360c4100eb  lib/hashmap.cyr
b9a014cd1664e84c33e05780ba1120d57a54b703e322ec8697110b3d905ff592  lib/syscalls_linux_common.cyr
330d37f0cff16d1418178ccc3e42d089e81b67a5125faa8c8e8c29763f62eb3e  lib/process_win.cyr
6c37a7280fc36ca4bfc0e573e7c38386c4b36de3e84cfb3d6ca7d132253ea52c  lib/args_macos.cyr
150bb9efad587ae139d8df81d62c7578c8ab20d3c6964004908929657b597c12  lib/result.cyr
